
Microsoft Visual Studio Solution File, Format Version 12.00
# Visual Studio 15
VisualStudioVersion = 15.0.28307.852
MinimumVisualStudioVersion = 10.0.40219.1
Project("{FAE04EC0-301F-11D3-BF4B-00C04F79EFBC}") = "Cyberecom", "Cyberecom\Cyberecom.csproj", "{820E977B-5119-4C8E-82F4-7EA1E9D46E70}"
EndProject
Global
	GlobalSection(SolutionConfigurationPlatforms) = preSolution
		Debug|Any CPU = Debug|Any CPU
		Release|Any CPU = Release|Any CPU
	EndGlobalSection
	GlobalSection(ProjectConfigurationPlatforms) = postSolution
		{820E977B-5119-4C8E-82F4-7EA1E9D46E70}.Debug|Any CPU.ActiveCfg = Debug|Any CPU
		{820E977B-5119-4C8E-82F4-7EA1E9D46E70}.Debug|Any CPU.Build.0 = Debug|Any CPU
		{820E977B-5119-4C8E-82F4-7EA1E9D46E70}.Release|Any CPU.ActiveCfg = Release|Any CPU
		{820E977B-5119-4C8E-82F4-7EA1E9D46E70}.Release|Any CPU.Build.0 = Release|Any CPU
	EndGlobalSection
	GlobalSection(SolutionProperties) = preSolution
		HideSolutionNode = FALSE
	EndGlobalSection
	GlobalSection(ExtensibilityGlobals) = postSolution
		SolutionGuid = {59844322-ECD6-4E86-A4AF-33219FE00E61}
	EndGlobalSection
EndGlobal
